
Microsoft Visual Studio Solution File, Format Version 12.00
# Visual Studio Version 17
VisualStudioVersion = 17.6.33829.357
MinimumVisualStudioVersion = 10.0.40219.1
Project("{FAE04EC0-301F-11D3-BF4B-00C04F79EFBC}") = "WpfApp_Prakdika", "WpfApp_Prakdika\WpfApp_Prakdika.csproj", "{7925AE61-09F0-457F-91A7-8A593577470E}"
EndProject
Global
	GlobalSection(SolutionConfigurationPlatforms) = preSolution
		Debug|Any CPU = Debug|Any CPU
		Release|Any CPU = Release|Any CPU
	EndGlobalSection
	GlobalSection(ProjectConfigurationPlatforms) = postSolution
		{7925AE61-09F0-457F-91A7-8A593577470E}.Debug|Any CPU.ActiveCfg = Debug|Any CPU
		{7925AE61-09F0-457F-91A7-8A593577470E}.Debug|Any CPU.Build.0 = Debug|Any CPU
		{7925AE61-09F0-457F-91A7-8A593577470E}.Release|Any CPU.ActiveCfg = Release|Any CPU
		{7925AE61-09F0-457F-91A7-8A593577470E}.Release|Any CPU.Build.0 = Release|Any CPU
	EndGlobalSection
	GlobalSection(SolutionProperties) = preSolution
		HideSolutionNode = FALSE
	EndGlobalSection
	GlobalSection(ExtensibilityGlobals) = postSolution
		SolutionGuid = {5FD40F64-7CF6-4D65-B584-5D41B1FC76B5}
	EndGlobalSection
EndGlobal
